// !$*UTF8*$!
{
	archiveVersion = 1;
	classes = {
	};
	objectVersion = 46;
	objects = {

/* Begin PBXBuildFile section */
		10464A191DDD7C27000BEA7F /* bg.jpg in Resources */ = {isa = PBXBuildFile; fileRef = 10464A181DDD7C27000BEA7F /* bg.jpg */; };
		10B073BF1DDD71C500ABF5B8 /* AppDelegate.swift in Sources */ = {isa = PBXBuildFile; fileRef = 10B073BE1DDD71C500ABF5B8 /* AppDelegate.swift */; };
		10B073C11DDD71C500ABF5B8 /* ViewController.swift in Sources */ = {isa = PBXBuildFile; fileRef = 10B073C01DDD71C500ABF5B8 /* ViewController.swift */; };
		10B073C41DDD71C500ABF5B8 /* Main.storyboard in Resources */ = {isa = PBXBuildFile; fileRef = 10B073C21DDD71C500ABF5B8 /* Main.storyboard */; };
		10B073C61DDD71C500ABF5B8 /* Assets.xcassets in Resources */ = {isa = PBXBuildFile; fileRef = 10B073C51DDD71C500ABF5B8 /* Assets.xcassets */; };
		10B073C91DDD71C500ABF5B8 /* LaunchScreen.storyboard in Resources */ = {isa = PBXBuildFile; fileRef = 10B073C71DDD71C500ABF5B8 /* LaunchScreen.storyboard */; };
/* End PBXBuildFile section */

/* Begin PBXFileReference section */
		10464A181DDD7C27000BEA7F /* bg.jpg */ = {isa = PBXFileReference; lastKnownFileType = image.jpeg; path = bg.jpg; sourceTree = "<group>"; };
		10B073BB1DDD71C500ABF5B8 /* Never Fell Down.app */ = {isa = PBXFileReference; explicitFileType = wrapper.application; includeInIndex = 0; path = "Never Fell Down.app"; sourceTree = BUILT_PRODUCTS_DIR; };
		10B073BE1DDD71C500ABF5B8 /* AppDelegate.swift */ = {isa = PBXFileReference; lastKnownFileType = sourcecode.swift; path = AppDelegate.swift; sourceTree = "<group>"; };
		10B073C01DDD71C500ABF5B8 /* ViewController.swift */ = {isa = PBXFileReference; lastKnownFileType = sourcecode.swift; path = ViewController.swift; sourceTree = "<group>"; };
		10B073C31DDD71C500ABF5B8 /* Base */ = {isa = PBXFileReference; lastKnownFileType = file.storyboard; name = Base; path = Base.lproj/Main.storyboard; sourceTree = "<group>"; };
		10B073C51DDD71C500ABF5B8 /* Assets.xcassets */ = {isa = PBXFileReference; lastKnownFileType = folder.assetcatalog; path = Assets.xcassets; sourceTree = "<group>"; };
		10B073C81DDD71C500ABF5B8 /* Base */ = {isa = PBXFileReference; lastKnownFileType = file.storyboard; name = Base; path = Base.lproj/LaunchScreen.storyboard; sourceTree = "<group>"; };
		10B073CA1DDD71C500ABF5B8 /* Info.plist */ = {isa = PBXFileReference; lastKnownFileType = text.plist.xml; path = Info.plist; sourceTree = "<group>"; };
/* End PBXFileReference section */

/* Begin PBXFrameworksBuildPhase section */
		10B073B81DDD71C500ABF5B8 /* Frameworks */ = {
			isa = PBXFrameworksBuildPhase;
			buildActionMask = 2147483647;
			files = (
			);
			runOnlyForDeploymentPostprocessing = 0;
		};
/* End PBXFrameworksBuildPhase section */

/* Begin PBXGroup section */
		10B073B21DDD71C400ABF5B8 = {
			isa = PBXGroup;
			children = (
				10B073BD1DDD71C500ABF5B8 /* Never Fell Down */,
				10B073BC1DDD71C500ABF5B8 /* Products */,
			);
			sourceTree = "<group>";
		};
		10B073BC1DDD71C500ABF5B8 /* Products */ = {
			isa = PBXGroup;
			children = (
				10B073BB1DDD71C500ABF5B8 /* Never Fell Down.app */,
			);
			name = Products;
			sourceTree = "<group>";
		};
		10B073BD1DDD71C500ABF5B8 /* Never Fell Down */ = {
			isa = PBXGroup;
			children = (
				10464A181DDD7C27000BEA7F /* bg.jpg */,
				10B073BE1DDD71C500ABF5B8 /* AppDelegate.swift */,
				10B073C01DDD71C500ABF5B8 /* ViewController.swift */,
				10B073C21DDD71C500ABF5B8 /* Main.storyboard */,
				10B073C51DDD71C500ABF5B8 /* Assets.xcassets */,
				10B073C71DDD71C500ABF5B8 /* LaunchScreen.storyboard */,
				10B073CA1DDD71C500ABF5B8 /* Info.plist */,
			);
			path = "Never Fell Down";
			sourceTree = "<group>";
		};
/* End PBXGroup section */

/* Begin PBXNativeTarget section */
		10B073BA1DDD71C500ABF5B8 /* Never Fell Down */ = {
			isa = PBXNativeTarget;
			buildConfigurationList = 10B073CD1DDD71C500ABF5B8 /* Build configuration list for PBXNativeTarget "Never Fell Down" */;
			buildPhases = (
				10B073B71DDD71C500ABF5B8 /* Sources */,
				10B073B81DDD71C500ABF5B8 /* Frameworks */,
				10B073B91DDD71C500ABF5B8 /* Resources */,
			);
			buildRules = (
			);
			dependencies = (
			);
			name = "Never Fell Down";
			productName = "Never Fell Down";
			productReference = 10B073BB1DDD71C500ABF5B8 /* Never Fell Down.app */;
			productType = "com.apple.product-type.application";
		};
/* End PBXNativeTarget section */

/* Begin PBXProject section */
		10B073B31DDD71C400ABF5B8 /* Project object */ = {
			isa = PBXProject;
			attributes = {
				LastSwiftUpdateCheck = 0800;
				LastUpgradeCheck = 0800;
				ORGANIZATIONNAME = "陆小凤";
				TargetAttributes = {
					10B073BA1DDD71C500ABF5B8 = {
						CreatedOnToolsVersion = 8.0;
						DevelopmentTeam = 6Z3ZB8KU7Q;
						ProvisioningStyle = Automatic;
					};
				};
			};
			buildConfigurationList = 10B073B61DDD71C400ABF5B8 /* Build configuration list for PBXProject "Never Fell Down" */;
			compatibilityVersion = "Xcode 3.2";
			developmentRegion = English;
			hasScannedForEncodings = 0;
			knownRegions = (
				en,
				Base,
			);
			mainGroup = 10B073B21DDD71C400ABF5B8;
			productRefGroup = 10B073BC1DDD71C500ABF5B8 /* Products */;
			projectDirPath = "";
			projectRoot = "";
			targets = (
				10B073BA1DDD71C500ABF5B8 /* Never Fell Down */,
			);
		};
/* End PBXProject section */

/* Begin PBXResourcesBuildPhase section */
		10B073B91DDD71C500ABF5B8 /* Resources */ = {
			isa = PBXResourcesBuildPhase;
			buildActionMask = 2147483647;
			files = (
				10B073C91DDD71C500ABF5B8 /* LaunchScreen.storyboard in Resources */,
				10B073C61DDD71C500ABF5B8 /* Assets.xcassets in Resources */,
				10464A191DDD7C27000BEA7F /* bg.jpg in Resources */,
				10B073C41DDD71C500ABF5B8 /* Main.storyboard in Resources */,
			);
			runOnlyForDeploymentPostprocessing = 0;
		};
/* End PBXResourcesBuildPhase section */

/* Begin PBXSourcesBuildPhase section */
		10B073B71DDD71C500ABF5B8 /* Sources */ = {
			isa = PBXSourcesBuildPhase;
			buildActionMask = 2147483647;
			files = (
				10B073C11DDD71C500ABF5B8 /* ViewController.swift in Sources */,
				10B073BF1DDD71C500ABF5B8 /* AppDelegate.swift in Sources */,
			);
			runOnlyForDeploymentPostprocessing = 0;
		};
/* End PBXSourcesBuildPhase section */

/* Begin PBXVariantGroup section */
		10B073C21DDD71C500ABF5B8 /* Main.storyboard */ = {
			isa = PBXVariantGroup;
			children = (
				10B073C31DDD71C500ABF5B8 /* Base */,
			);
			name = Main.storyboard;
			sourceTree = "<group>";
		};
		10B073C71DDD71C500ABF5B8 /* LaunchScreen.storyboard */ = {
			isa = PBXVariantGroup;
			children = (
				10B073C81DDD71C500ABF5B8 /* Base */,
			);
			name = LaunchScreen.storyboard;
			sourceTree = "<group>";
		};
/* End PBXVariantGroup section */

/* Begin XCBuildConfiguration section */
		10B073CB1DDD71C500ABF5B8 /* Debug */ = {
			isa = XCBuildConfiguration;
			buildSettings = {
				ALWAYS_SEARCH_USER_PATHS = NO;
				CLANG_ANALYZER_NONNULL = YES;
				CLANG_CXX_LANGUAGE_STANDARD = "gnu++0x";
				CLANG_CXX_LIBRARY = "libc++";
				CLANG_ENABLE_MODULES = YES;
				CLANG_ENABLE_OBJC_ARC = YES;
				CLANG_WARN_BOOL_CONVERSION = YES;
				CLANG_WARN_CONSTANT_CONVERSION = YES;
				CLANG_WARN_DIRECT_OBJC_ISA_USAGE = YES_ERROR;
				CLANG_WARN_DOCUMENTATION_COMMENTS = YES;
				CLANG_WARN_EMPTY_BODY = YES;
				CLANG_WARN_ENUM_CONVERSION = YES;
				CLANG_WARN_INFINITE_RECURSION = YES;
				CLANG_WARN_INT_CONVERSION = YES;
				CLANG_WARN_OBJC_ROOT_CLASS = YES_ERROR;
				CLANG_WARN_SUSPICIOUS_MOVES = YES;
				CLANG_WARN_UNREACHABLE_CODE = YES;
				CLANG_WARN__DUPLICATE_METHOD_MATCH = YES;
				"CODE_SIGN_IDENTITY[sdk=iphoneos*]" = "iPhone Developer";
				COPY_PHASE_STRIP = NO;
				DEBUG_INFORMATION_FORMAT = dwarf;
				ENABLE_STRICT_OBJC_MSGSEND = YES;
				ENABLE_TESTABILITY = YES;
				GCC_C_LANGUAGE_STANDARD = gnu99;
				GCC_DYNAMIC_NO_PIC = NO;
				GCC_NO_COMMON_BLOCKS = YES;
				GCC_OPTIMIZATION_LEVEL = 0;
				GCC_PREPROCESSOR_DEFINITIONS = (
					"DEBUG=1",
					"$(inherited)",
				);
				GCC_WARN_64_TO_32_BIT_CONVERSION = YES;
				GCC_WARN_ABOUT_RETURN_TYPE = YES_ERROR;
				GCC_WARN_UNDECLARED_SELECTOR = YES;
				GCC_WARN_UNINITIALIZED_AUTOS = YES_AGGRESSIVE;
				GCC_WARN_UNUSED_FUNCTION = YES;
				GCC_WARN_UNUSED_VARIABLE = YES;
				IPHONEOS_DEPLOYMENT_TARGET = 10.0;
				MTL_ENABLE_DEBUG_INFO = YES;
				ONLY_ACTIVE_ARCH = YES;
				SDKROOT = iphoneos;
				SWIFT_ACTIVE_COMPILATION_CONDITIONS = DEBUG;
				SWIFT_OPTIMIZATION_LEVEL = "-Onone";
				TARGETED_DEVICE_FAMILY = "1,2";
			};
			name = Debug;
		};
		10B073CC1DDD71C500ABF5B8 /* Release */ = {
			isa = XCBuildConfiguration;
			buildSettings = {
				ALWAYS_SEARCH_USER_PATHS = NO;
				CLANG_ANALYZER_NONNULL = YES;
				CLANG_CXX_LANGUAGE_STANDARD = "gnu++0x";
				CLANG_CXX_LIBRARY = "libc++";
				CLANG_ENABLE_MODULES = YES;
				CLANG_ENABLE_OBJC_ARC = YES;
				CLANG_WARN_BOOL_CONVERSION = YES;
				CLANG_WARN_CONSTANT_CONVERSION = YES;
				CLANG_WARN_DIRECT_OBJC_ISA_USAGE = YES_ERROR;
				CLANG_WARN_DOCUMENTATION_COMMENTS = YES;
				CLANG_WARN_EMPTY_BODY = YES;
				CLANG_WARN_ENUM_CONVERSION = YES;
				CLANG_WARN_INFINITE_RECURSION = YES;
				CLANG_WARN_INT_CONVERSION = YES;
				CLANG_WARN_OBJC_ROOT_CLASS = YES_ERROR;
				CLANG_WARN_SUSPICIOUS_MOVES = YES;
				CLANG_WARN_UNREACHABLE_CODE = YES;
				CLANG_WARN__DUPLICATE_METHOD_MATCH = YES;
				"CODE_SIGN_IDENTITY[sdk=iphoneos*]" = "iPhone Developer";
				COPY_PHASE_STRIP = NO;
				DEBUG_INFORMATION_FORMAT = "dwarf-with-dsym";
				ENABLE_NS_ASSERTIONS = NO;
				ENABLE_STRICT_OBJC_MSGSEND = YES;
				GCC_C_LANGUAGE_STANDARD = gnu99;
				GCC_NO_COMMON_BLOCKS = YES;
				GCC_WARN_64_TO_32_BIT_CONVERSION = YES;
				GCC_WARN_ABOUT_RETURN_TYPE = YES_ERROR;
				GCC_WARN_UNDECLARED_SELECTOR = YES;
				GCC_WARN_UNINITIALIZED_AUTOS = YES_AGGRESSIVE;
				GCC_WARN_UNUSED_FUNCTION = YES;
				GCC_WARN_UNUSED_VARIABLE = YES;
				IPHONEOS_DEPLOYMENT_TARGET = 10.0;
				MTL_ENABLE_DEBUG_INFO = NO;
				SDKROOT = iphoneos;
				SWIFT_OPTIMIZATION_LEVEL = "-Owholemodule";
				TARGETED_DEVICE_FAMILY = "1,2";
				VALIDATE_PRODUCT = YES;
			};
			name = Release;
		};
		10B073CE1DDD71C500ABF5B8 /* Debug */ = {
			isa = XCBuildConfiguration;
			buildSettings = {
				ASSETCATALOG_COMPILER_APPICON_NAME = AppIcon;
				DEVELOPMENT_TEAM = 6Z3ZB8KU7Q;
				INFOPLIST_FILE = "Never Fell Down/Info.plist";
				LD_RUNPATH_SEARCH_PATHS = "$(inherited) @executable_path/Frameworks";
				PRODUCT_BUNDLE_IDENTIFIER = "njit.Never-Fell-Down";
				PRODUCT_NAME = "$(TARGET_NAME)";
				SWIFT_VERSION = 3.0;
			};
			name = Debug;
		};
		10B073CF1DDD71C500ABF5B8 /* Release */ = {
			isa = XCBuildConfiguration;
			buildSettings = {
				ASSETCATALOG_COMPILER_APPICON_NAME = AppIcon;
				DEVELOPMENT_TEAM = 6Z3ZB8KU7Q;
				INFOPLIST_FILE = "Never Fell Down/Info.plist";
				LD_RUNPATH_SEARCH_PATHS = "$(inherited) @executable_path/Frameworks";
				PRODUCT_BUNDLE_IDENTIFIER = "njit.Never-Fell-Down";
				PRODUCT_NAME = "$(TARGET_NAME)";
				SWIFT_VERSION = 3.0;
			};
			name = Release;
		};
/* End XCBuildConfiguration section */

/* Begin XCConfigurationList section */
		10B073B61DDD71C400ABF5B8 /* Build configuration list for PBXProject "Never Fell Down" */ = {
			isa = XCConfigurationList;
			buildConfigurations = (
				10B073CB1DDD71C500ABF5B8 /* Debug */,
				10B073CC1DDD71C500ABF5B8 /* Release */,
			);
			defaultConfigurationIsVisible = 0;
			defaultConfigurationName = Release;
		};
		10B073CD1DDD71C500ABF5B8 /* Build configuration list for PBXNativeTarget "Never Fell Down" */ = {
			isa = XCConfigurationList;
			buildConfigurations = (
				10B073CE1DDD71C500ABF5B8 /* Debug */,
				10B073CF1DDD71C500ABF5B8 /* Release */,
			);
			defaultConfigurationIsVisible = 0;
			defaultConfigurationName = Release;
		};
/* End XCConfigurationList section */
	};
	rootObject = 10B073B31DDD71C400ABF5B8 /* Project object */;
}
