// !$*UTF8*$!
{
	archiveVersion = 1;
	classes = {
	};
	objectVersion = 46;
	objects = {

/* Begin PBXBuildFile section */
		103A5DA91DED897D0042AD5E /* AppDelegate.swift in Sources */ = {isa = PBXBuildFile; fileRef = 103A5DA81DED897D0042AD5E /* AppDelegate.swift */; };
		103A5DAB1DED897D0042AD5E /* ViewController.swift in Sources */ = {isa = PBXBuildFile; fileRef = 103A5DAA1DED897D0042AD5E /* ViewController.swift */; };
		103A5DAE1DED897D0042AD5E /* Main.storyboard in Resources */ = {isa = PBXBuildFile; fileRef = 103A5DAC1DED897D0042AD5E /* Main.storyboard */; };
		103A5DB01DED897D0042AD5E /* Assets.xcassets in Resources */ = {isa = PBXBuildFile; fileRef = 103A5DAF1DED897D0042AD5E /* Assets.xcassets */; };
		103A5DB31DED897D0042AD5E /* LaunchScreen.storyboard in Resources */ = {isa = PBXBuildFile; fileRef = 103A5DB11DED897D0042AD5E /* LaunchScreen.storyboard */; };
/* End PBXBuildFile section */

/* Begin PBXFileReference section */
		103A5DA51DED897D0042AD5E /* third.app */ = {isa = PBXFileReference; explicitFileType = wrapper.application; includeInIndex = 0; path = third.app; sourceTree = BUILT_PRODUCTS_DIR; };
		103A5DA81DED897D0042AD5E /* AppDelegate.swift */ = {isa = PBXFileReference; lastKnownFileType = sourcecode.swift; path = AppDelegate.swift; sourceTree = "<group>"; };
		103A5DAA1DED897D0042AD5E /* ViewController.swift */ = {isa = PBXFileReference; lastKnownFileType = sourcecode.swift; path = ViewController.swift; sourceTree = "<group>"; };
		103A5DAD1DED897D0042AD5E /* Base */ = {isa = PBXFileReference; lastKnownFileType = file.storyboard; name = Base; path = Base.lproj/Main.storyboard; sourceTree = "<group>"; };
		103A5DAF1DED897D0042AD5E /* Assets.xcassets */ = {isa = PBXFileReference; lastKnownFileType = folder.assetcatalog; path = Assets.xcassets; sourceTree = "<group>"; };
		103A5DB21DED897D0042AD5E /* Base */ = {isa = PBXFileReference; lastKnownFileType = file.storyboard; name = Base; path = Base.lproj/LaunchScreen.storyboard; sourceTree = "<group>"; };
		103A5DB41DED897D0042AD5E /* Info.plist */ = {isa = PBXFileReference; lastKnownFileType = text.plist.xml; path = Info.plist; sourceTree = "<group>"; };
/* End PBXFileReference section */

/* Begin PBXFrameworksBuildPhase section */
		103A5DA21DED897D0042AD5E /* Frameworks */ = {
			isa = PBXFrameworksBuildPhase;
			buildActionMask = 2147483647;
			files = (
			);
			runOnlyForDeploymentPostprocessing = 0;
		};
/* End PBXFrameworksBuildPhase section */

/* Begin PBXGroup section */
		103A5D9C1DED897D0042AD5E = {
			isa = PBXGroup;
			children = (
				103A5DA71DED897D0042AD5E /* third */,
				103A5DA61DED897D0042AD5E /* Products */,
			);
			sourceTree = "<group>";
		};
		103A5DA61DED897D0042AD5E /* Products */ = {
			isa = PBXGroup;
			children = (
				103A5DA51DED897D0042AD5E /* third.app */,
			);
			name = Products;
			sourceTree = "<group>";
		};
		103A5DA71DED897D0042AD5E /* third */ = {
			isa = PBXGroup;
			children = (
				103A5DA81DED897D0042AD5E /* AppDelegate.swift */,
				103A5DAA1DED897D0042AD5E /* ViewController.swift */,
				103A5DAC1DED897D0042AD5E /* Main.storyboard */,
				103A5DAF1DED897D0042AD5E /* Assets.xcassets */,
				103A5DB11DED897D0042AD5E /* LaunchScreen.storyboard */,
				103A5DB41DED897D0042AD5E /* Info.plist */,
			);
			path = third;
			sourceTree = "<group>";
		};
/* End PBXGroup section */

/* Begin PBXNativeTarget section */
		103A5DA41DED897D0042AD5E /* third */ = {
			isa = PBXNativeTarget;
			buildConfigurationList = 103A5DB71DED897D0042AD5E /* Build configuration list for PBXNativeTarget "third" */;
			buildPhases = (
				103A5DA11DED897D0042AD5E /* Sources */,
				103A5DA21DED897D0042AD5E /* Frameworks */,
				103A5DA31DED897D0042AD5E /* Resources */,
			);
			buildRules = (
			);
			dependencies = (
			);
			name = third;
			productName = third;
			productReference = 103A5DA51DED897D0042AD5E /* third.app */;
			productType = "com.apple.product-type.application";
		};
/* End PBXNativeTarget section */

/* Begin PBXProject section */
		103A5D9D1DED897D0042AD5E /* Project object */ = {
			isa = PBXProject;
			attributes = {
				LastSwiftUpdateCheck = 0800;
				LastUpgradeCheck = 0800;
				ORGANIZATIONNAME = "陆小凤";
				TargetAttributes = {
					103A5DA41DED897D0042AD5E = {
						CreatedOnToolsVersion = 8.0;
						DevelopmentTeam = 6Z3ZB8KU7Q;
						ProvisioningStyle = Automatic;
					};
				};
			};
			buildConfigurationList = 103A5DA01DED897D0042AD5E /* Build configuration list for PBXProject "third" */;
			compatibilityVersion = "Xcode 3.2";
			developmentRegion = English;
			hasScannedForEncodings = 0;
			knownRegions = (
				en,
				Base,
			);
			mainGroup = 103A5D9C1DED897D0042AD5E;
			productRefGroup = 103A5DA61DED897D0042AD5E /* Products */;
			projectDirPath = "";
			projectRoot = "";
			targets = (
				103A5DA41DED897D0042AD5E /* third */,
			);
		};
/* End PBXProject section */

/* Begin PBXResourcesBuildPhase section */
		103A5DA31DED897D0042AD5E /* Resources */ = {
			isa = PBXResourcesBuildPhase;
			buildActionMask = 2147483647;
			files = (
				103A5DB31DED897D0042AD5E /* LaunchScreen.storyboard in Resources */,
				103A5DB01DED897D0042AD5E /* Assets.xcassets in Resources */,
				103A5DAE1DED897D0042AD5E /* Main.storyboard in Resources */,
			);
			runOnlyForDeploymentPostprocessing = 0;
		};
/* End PBXResourcesBuildPhase section */

/* Begin PBXSourcesBuildPhase section */
		103A5DA11DED897D0042AD5E /* Sources */ = {
			isa = PBXSourcesBuildPhase;
			buildActionMask = 2147483647;
			files = (
				103A5DAB1DED897D0042AD5E /* ViewController.swift in Sources */,
				103A5DA91DED897D0042AD5E /* AppDelegate.swift in Sources */,
			);
			runOnlyForDeploymentPostprocessing = 0;
		};
/* End PBXSourcesBuildPhase section */

/* Begin PBXVariantGroup section */
		103A5DAC1DED897D0042AD5E /* Main.storyboard */ = {
			isa = PBXVariantGroup;
			children = (
				103A5DAD1DED897D0042AD5E /* Base */,
			);
			name = Main.storyboard;
			sourceTree = "<group>";
		};
		103A5DB11DED897D0042AD5E /* LaunchScreen.storyboard */ = {
			isa = PBXVariantGroup;
			children = (
				103A5DB21DED897D0042AD5E /* Base */,
			);
			name = LaunchScreen.storyboard;
			sourceTree = "<group>";
		};
/* End PBXVariantGroup section */

/* Begin XCBuildConfiguration section */
		103A5DB51DED897D0042AD5E /* Debug */ = {
			isa = XCBuildConfiguration;
			buildSettings = {
				ALWAYS_SEARCH_USER_PATHS = NO;
				CLANG_ANALYZER_NONNULL = YES;
				CLANG_CXX_LANGUAGE_STANDARD = "gnu++0x";
				CLANG_CXX_LIBRARY = "libc++";
				CLANG_ENABLE_MODULES = YES;
				CLANG_ENABLE_OBJC_ARC = YES;
				CLANG_WARN_BOOL_CONVERSION = YES;
				CLANG_WARN_CONSTANT_CONVERSION = YES;
				CLANG_WARN_DIRECT_OBJC_ISA_USAGE = YES_ERROR;
				CLANG_WARN_DOCUMENTATION_COMMENTS = YES;
				CLANG_WARN_EMPTY_BODY = YES;
				CLANG_WARN_ENUM_CONVERSION = YES;
				CLANG_WARN_INFINITE_RECURSION = YES;
				CLANG_WARN_INT_CONVERSION = YES;
				CLANG_WARN_OBJC_ROOT_CLASS = YES_ERROR;
				CLANG_WARN_SUSPICIOUS_MOVES = YES;
				CLANG_WARN_UNREACHABLE_CODE = YES;
				CLANG_WARN__DUPLICATE_METHOD_MATCH = YES;
				"CODE_SIGN_IDENTITY[sdk=iphoneos*]" = "iPhone Developer";
				COPY_PHASE_STRIP = NO;
				DEBUG_INFORMATION_FORMAT = dwarf;
				ENABLE_STRICT_OBJC_MSGSEND = YES;
				ENABLE_TESTABILITY = YES;
				GCC_C_LANGUAGE_STANDARD = gnu99;
				GCC_DYNAMIC_NO_PIC = NO;
				GCC_NO_COMMON_BLOCKS = YES;
				GCC_OPTIMIZATION_LEVEL = 0;
				GCC_PREPROCESSOR_DEFINITIONS = (
					"DEBUG=1",
					"$(inherited)",
				);
				GCC_WARN_64_TO_32_BIT_CONVERSION = YES;
				GCC_WARN_ABOUT_RETURN_TYPE = YES_ERROR;
				GCC_WARN_UNDECLARED_SELECTOR = YES;
				GCC_WARN_UNINITIALIZED_AUTOS = YES_AGGRESSIVE;
				GCC_WARN_UNUSED_FUNCTION = YES;
				GCC_WARN_UNUSED_VARIABLE = YES;
				IPHONEOS_DEPLOYMENT_TARGET = 10.0;
				MTL_ENABLE_DEBUG_INFO = YES;
				ONLY_ACTIVE_ARCH = YES;
				SDKROOT = iphoneos;
				SWIFT_ACTIVE_COMPILATION_CONDITIONS = DEBUG;
				SWIFT_OPTIMIZATION_LEVEL = "-Onone";
				TARGETED_DEVICE_FAMILY = "1,2";
			};
			name = Debug;
		};
		103A5DB61DED897D0042AD5E /* Release */ = {
			isa = XCBuildConfiguration;
			buildSettings = {
				ALWAYS_SEARCH_USER_PATHS = NO;
				CLANG_ANALYZER_NONNULL = YES;
				CLANG_CXX_LANGUAGE_STANDARD = "gnu++0x";
				CLANG_CXX_LIBRARY = "libc++";
				CLANG_ENABLE_MODULES = YES;
				CLANG_ENABLE_OBJC_ARC = YES;
				CLANG_WARN_BOOL_CONVERSION = YES;
				CLANG_WARN_CONSTANT_CONVERSION = YES;
				CLANG_WARN_DIRECT_OBJC_ISA_USAGE = YES_ERROR;
				CLANG_WARN_DOCUMENTATION_COMMENTS = YES;
				CLANG_WARN_EMPTY_BODY = YES;
				CLANG_WARN_ENUM_CONVERSION = YES;
				CLANG_WARN_INFINITE_RECURSION = YES;
				CLANG_WARN_INT_CONVERSION = YES;
				CLANG_WARN_OBJC_ROOT_CLASS = YES_ERROR;
				CLANG_WARN_SUSPICIOUS_MOVES = YES;
				CLANG_WARN_UNREACHABLE_CODE = YES;
				CLANG_WARN__DUPLICATE_METHOD_MATCH = YES;
				"CODE_SIGN_IDENTITY[sdk=iphoneos*]" = "iPhone Developer";
				COPY_PHASE_STRIP = NO;
				DEBUG_INFORMATION_FORMAT = "dwarf-with-dsym";
				ENABLE_NS_ASSERTIONS = NO;
				ENABLE_STRICT_OBJC_MSGSEND = YES;
				GCC_C_LANGUAGE_STANDARD = gnu99;
				GCC_NO_COMMON_BLOCKS = YES;
				GCC_WARN_64_TO_32_BIT_CONVERSION = YES;
				GCC_WARN_ABOUT_RETURN_TYPE = YES_ERROR;
				GCC_WARN_UNDECLARED_SELECTOR = YES;
				GCC_WARN_UNINITIALIZED_AUTOS = YES_AGGRESSIVE;
				GCC_WARN_UNUSED_FUNCTION = YES;
				GCC_WARN_UNUSED_VARIABLE = YES;
				IPHONEOS_DEPLOYMENT_TARGET = 10.0;
				MTL_ENABLE_DEBUG_INFO = NO;
				SDKROOT = iphoneos;
				SWIFT_OPTIMIZATION_LEVEL = "-Owholemodule";
				TARGETED_DEVICE_FAMILY = "1,2";
				VALIDATE_PRODUCT = YES;
			};
			name = Release;
		};
		103A5DB81DED897D0042AD5E /* Debug */ = {
			isa = XCBuildConfiguration;
			buildSettings = {
				ASSETCATALOG_COMPILER_APPICON_NAME = AppIcon;
				DEVELOPMENT_TEAM = 6Z3ZB8KU7Q;
				INFOPLIST_FILE = third/Info.plist;
				LD_RUNPATH_SEARCH_PATHS = "$(inherited) @executable_path/Frameworks";
				PRODUCT_BUNDLE_IDENTIFIER = njit.third;
				PRODUCT_NAME = "$(TARGET_NAME)";
				SWIFT_VERSION = 3.0;
			};
			name = Debug;
		};
		103A5DB91DED897D0042AD5E /* Release */ = {
			isa = XCBuildConfiguration;
			buildSettings = {
				ASSETCATALOG_COMPILER_APPICON_NAME = AppIcon;
				DEVELOPMENT_TEAM = 6Z3ZB8KU7Q;
				INFOPLIST_FILE = third/Info.plist;
				LD_RUNPATH_SEARCH_PATHS = "$(inherited) @executable_path/Frameworks";
				PRODUCT_BUNDLE_IDENTIFIER = njit.third;
				PRODUCT_NAME = "$(TARGET_NAME)";
				SWIFT_VERSION = 3.0;
			};
			name = Release;
		};
/* End XCBuildConfiguration section */

/* Begin XCConfigurationList section */
		103A5DA01DED897D0042AD5E /* Build configuration list for PBXProject "third" */ = {
			isa = XCConfigurationList;
			buildConfigurations = (
				103A5DB51DED897D0042AD5E /* Debug */,
				103A5DB61DED897D0042AD5E /* Release */,
			);
			defaultConfigurationIsVisible = 0;
			defaultConfigurationName = Release;
		};
		103A5DB71DED897D0042AD5E /* Build configuration list for PBXNativeTarget "third" */ = {
			isa = XCConfigurationList;
			buildConfigurations = (
				103A5DB81DED897D0042AD5E /* Debug */,
				103A5DB91DED897D0042AD5E /* Release */,
			);
			defaultConfigurationIsVisible = 0;
		};
/* End XCConfigurationList section */
	};
	rootObject = 103A5D9D1DED897D0042AD5E /* Project object */;
}
